
Microsoft Visual Studio Solution File, Format Version 12.00
# Visual Studio Version 16
VisualStudioVersion = 16.0.31105.61
MinimumVisualStudioVersion = 10.0.40219.1
Project("{FAE04EC0-301F-11D3-BF4B-00C04F79EFBC}") = "Minne.Android", "Minne.Android\Minne.Android.csproj", "{B1148E1C-0A06-4F72-A2A4-1EFD92353349}"
EndProject
Project("{FAE04EC0-301F-11D3-BF4B-00C04F79EFBC}") = "Minne", "Minne\Minne.csproj", "{DD35198D-86B0-4433-B617-30929BD14E5D}"
EndProject
Global
	GlobalSection(SolutionConfigurationPlatforms) = preSolution
		Debug|Any CPU = Debug|Any CPU
		Release|Any CPU = Release|Any CPU
	EndGlobalSection
	GlobalSection(ProjectConfigurationPlatforms) = postSolution
		{B1148E1C-0A06-4F72-A2A4-1EFD92353349}.Debug|Any CPU.ActiveCfg = Debug|Any CPU
		{B1148E1C-0A06-4F72-A2A4-1EFD92353349}.Debug|Any CPU.Build.0 = Debug|Any CPU
		{B1148E1C-0A06-4F72-A2A4-1EFD92353349}.Debug|Any CPU.Deploy.0 = Debug|Any CPU
		{B1148E1C-0A06-4F72-A2A4-1EFD92353349}.Release|Any CPU.ActiveCfg = Release|Any CPU
		{B1148E1C-0A06-4F72-A2A4-1EFD92353349}.Release|Any CPU.Build.0 = Release|Any CPU
		{B1148E1C-0A06-4F72-A2A4-1EFD92353349}.Release|Any CPU.Deploy.0 = Release|Any CPU
		{DD35198D-86B0-4433-B617-30929BD14E5D}.Debug|Any CPU.ActiveCfg = Debug|Any CPU
		{DD35198D-86B0-4433-B617-30929BD14E5D}.Debug|Any CPU.Build.0 = Debug|Any CPU
		{DD35198D-86B0-4433-B617-30929BD14E5D}.Debug|Any CPU.Deploy.0 = Debug|Any CPU
		{DD35198D-86B0-4433-B617-30929BD14E5D}.Release|Any CPU.ActiveCfg = Release|Any CPU
		{DD35198D-86B0-4433-B617-30929BD14E5D}.Release|Any CPU.Build.0 = Release|Any CPU
		{DD35198D-86B0-4433-B617-30929BD14E5D}.Release|Any CPU.Deploy.0 = Release|Any CPU
	EndGlobalSection
	GlobalSection(SolutionProperties) = preSolution
		HideSolutionNode = FALSE
	EndGlobalSection
	GlobalSection(ExtensibilityGlobals) = postSolution
		SolutionGuid = {981AC516-FC93-47B1-955C-87E51C423097}
	EndGlobalSection
EndGlobal
